// !$*UTF8*$!
{
	archiveVersion = 1;
	classes = {
	};
	objectVersion = 55;
	objects = {

/* Begin PBXBuildFile section */
		64287247275A902F005BC5A5 /* MealsView.swift in Sources */ = {isa = PBXBuildFile; fileRef = 64287246275A902F005BC5A5 /* MealsView.swift */; };
		64287249275A9E97005BC5A5 /* TextInput.swift in Sources */ = {isa = PBXBuildFile; fileRef = 64287248275A9E97005BC5A5 /* TextInput.swift */; };
		6428724B275AB489005BC5A5 /* NameInput.swift in Sources */ = {isa = PBXBuildFile; fileRef = 6428724A275AB489005BC5A5 /* NameInput.swift */; };
		6428725627614128005BC5A5 /* DataController.swift in Sources */ = {isa = PBXBuildFile; fileRef = 6428725527614128005BC5A5 /* DataController.swift */; };
		646BB7A22753616100B8D888 /* SettingsView.swift in Sources */ = {isa = PBXBuildFile; fileRef = 646BB7A12753616100B8D888 /* SettingsView.swift */; };
		648DB1BD279421B000A0B6AF /* InsulinCalculatorModelTests.swift in Sources */ = {isa = PBXBuildFile; fileRef = 648DB1BC279421B000A0B6AF /* InsulinCalculatorModelTests.swift */; };
		649588EF2774DFC5003854E1 /* MealView.swift in Sources */ = {isa = PBXBuildFile; fileRef = 649588EE2774DFC5003854E1 /* MealView.swift */; };
		649588F1277C965B003854E1 /* SectionItem.swift in Sources */ = {isa = PBXBuildFile; fileRef = 649588F0277C965B003854E1 /* SectionItem.swift */; };
		649588F7277E1F92003854E1 /* TextPrompt.swift in Sources */ = {isa = PBXBuildFile; fileRef = 649588F6277E1F92003854E1 /* TextPrompt.swift */; };
		649588FB277E377E003854E1 /* AddMealView.swift in Sources */ = {isa = PBXBuildFile; fileRef = 649588FA277E377E003854E1 /* AddMealView.swift */; };
		64A0931827A07FCC0001B37B /* InsulinCalculatorViewTest.swift in Sources */ = {isa = PBXBuildFile; fileRef = 64A0931727A07FCB0001B37B /* InsulinCalculatorViewTest.swift */; };
		64AB4CA52737BB2E008B0F2D /* InsulinkaApp.swift in Sources */ = {isa = PBXBuildFile; fileRef = 64AB4CA42737BB2E008B0F2D /* InsulinkaApp.swift */; };
		64AB4CA92737BB31008B0F2D /* Assets.xcassets in Resources */ = {isa = PBXBuildFile; fileRef = 64AB4CA82737BB31008B0F2D /* Assets.xcassets */; };
		64AB4CAC2737BB31008B0F2D /* Preview Assets.xcassets in Resources */ = {isa = PBXBuildFile; fileRef = 64AB4CAB2737BB31008B0F2D /* Preview Assets.xcassets */; };
		64AB4CB12737BB31008B0F2D /* Insulinka.xcdatamodeld in Sources */ = {isa = PBXBuildFile; fileRef = 64AB4CAF2737BB31008B0F2D /* Insulinka.xcdatamodeld */; };
		64AB4CD92737C297008B0F2D /* MainView.swift in Sources */ = {isa = PBXBuildFile; fileRef = 64AB4CD82737C297008B0F2D /* MainView.swift */; };
		64AB4CDD2737C2D2008B0F2D /* StartView.swift in Sources */ = {isa = PBXBuildFile; fileRef = 64AB4CDC2737C2D2008B0F2D /* StartView.swift */; };
		64AB4CE02737E302008B0F2D /* SettingsModelTests.swift in Sources */ = {isa = PBXBuildFile; fileRef = 64AB4CBA2737BB31008B0F2D /* SettingsModelTests.swift */; };
		64AB4CE12737E320008B0F2D /* GeneralUITests.swift in Sources */ = {isa = PBXBuildFile; fileRef = 64AB4CC42737BB31008B0F2D /* GeneralUITests.swift */; };
		64AB4CE22737E323008B0F2D /* InsulinkaUITestsLaunchTests.swift in Sources */ = {isa = PBXBuildFile; fileRef = 64AB4CC62737BB31008B0F2D /* InsulinkaUITestsLaunchTests.swift */; };
		64B12AA72740F0CB00D80D1A /* InsulinCalculatorView.swift in Sources */ = {isa = PBXBuildFile; fileRef = 64B12AA62740F0CB00D80D1A /* InsulinCalculatorView.swift */; };
		64B12AAA2740F12800D80D1A /* NumberInput.swift in Sources */ = {isa = PBXBuildFile; fileRef = 64B12AA92740F12800D80D1A /* NumberInput.swift */; };
		64B12AAD2740F18700D80D1A /* InsulinCalculatorModel.swift in Sources */ = {isa = PBXBuildFile; fileRef = 64B12AAC2740F18700D80D1A /* InsulinCalculatorModel.swift */; };
		64B12AAF2740F1CE00D80D1A /* SettingsModel.swift in Sources */ = {isa = PBXBuildFile; fileRef = 64B12AAE2740F1CE00D80D1A /* SettingsModel.swift */; };
		64B12AB22740F48600D80D1A /* preciseRound.swift in Sources */ = {isa = PBXBuildFile; fileRef = 64B12AB12740F48600D80D1A /* preciseRound.swift */; };
		64C21981277E3B38007F0759 /* InsulinCalculator.swift in Sources */ = {isa = PBXBuildFile; fileRef = 64C21980277E3B38007F0759 /* InsulinCalculator.swift */; };
		64C21983277E824C007F0759 /* EditMealView.swift in Sources */ = {isa = PBXBuildFile; fileRef = 64C21982277E824C007F0759 /* EditMealView.swift */; };
		64C21985277EAAE1007F0759 /* MealModel.swift in Sources */ = {isa = PBXBuildFile; fileRef = 64C21984277EAAE1007F0759 /* MealModel.swift */; };
		64DB7DAF279C695400F29A3C /* conditionalViewModifier.swift in Sources */ = {isa = PBXBuildFile; fileRef = 64DB7DAE279C695400F29A3C /* conditionalViewModifier.swift */; };
		64F245A62764A6ED00F3DDA4 /* hideKeyboard.swift in Sources */ = {isa = PBXBuildFile; fileRef = 64F245A52764A6EC00F3DDA4 /* hideKeyboard.swift */; };
		64F245AA2764B42900F3DDA4 /* ErrorTypes.swift in Sources */ = {isa = PBXBuildFile; fileRef = 64F245A92764B42900F3DDA4 /* ErrorTypes.swift */; };
		64F245AC2764BC7000F3DDA4 /* ErrorBoundary.swift in Sources */ = {isa = PBXBuildFile; fileRef = 64F245AB2764BC7000F3DDA4 /* ErrorBoundary.swift */; };
/* End PBXBuildFile section */

/* Begin PBXContainerItemProxy section */
		64AB4CB72737BB31008B0F2D /* PBXContainerItemProxy */ = {
			isa = PBXContainerItemProxy;
			containerPortal = 64AB4C992737BB2E008B0F2D /* Project object */;
			proxyType = 1;
			remoteGlobalIDString = 64AB4CA02737BB2E008B0F2D;
			remoteInfo = Insulinka;
		};
		64AB4CC12737BB31008B0F2D /* PBXContainerItemProxy */ = {
			isa = PBXContainerItemProxy;
			containerPortal = 64AB4C992737BB2E008B0F2D /* Project object */;
			proxyType = 1;
			remoteGlobalIDString = 64AB4CA02737BB2E008B0F2D;
			remoteInfo = Insulinka;
		};
/* End PBXContainerItemProxy section */

/* Begin PBXFileReference section */
		64287246275A902F005BC5A5 /* MealsView.swift */ = {isa = PBXFileReference; lastKnownFileType = sourcecode.swift; path = MealsView.swift; sourceTree = "<group>"; };
		64287248275A9E97005BC5A5 /* TextInput.swift */ = {isa = PBXFileReference; lastKnownFileType = sourcecode.swift; path = TextInput.swift; sourceTree = "<group>"; };
		6428724A275AB489005BC5A5 /* NameInput.swift */ = {isa = PBXFileReference; lastKnownFileType = sourcecode.swift; path = NameInput.swift; sourceTree = "<group>"; };
		6428725527614128005BC5A5 /* DataController.swift */ = {isa = PBXFileReference; lastKnownFileType = sourcecode.swift; path = DataController.swift; sourceTree = "<group>"; };
		646BB7A12753616100B8D888 /* SettingsView.swift */ = {isa = PBXFileReference; lastKnownFileType = sourcecode.swift; path = SettingsView.swift; sourceTree = "<group>"; };
		648DB1BC279421B000A0B6AF /* InsulinCalculatorModelTests.swift */ = {isa = PBXFileReference; lastKnownFileType = sourcecode.swift; path = InsulinCalculatorModelTests.swift; sourceTree = "<group>"; };
		649588EE2774DFC5003854E1 /* MealView.swift */ = {isa = PBXFileReference; lastKnownFileType = sourcecode.swift; path = MealView.swift; sourceTree = "<group>"; usesTabs = 0; };
		649588F0277C965B003854E1 /* SectionItem.swift */ = {isa = PBXFileReference; lastKnownFileType = sourcecode.swift; path = SectionItem.swift; sourceTree = "<group>"; };
		649588F6277E1F92003854E1 /* TextPrompt.swift */ = {isa = PBXFileReference; indentWidth = 6; lastKnownFileType = sourcecode.swift; path = TextPrompt.swift; sourceTree = "<group>"; };
		649588FA277E377E003854E1 /* AddMealView.swift */ = {isa = PBXFileReference; lastKnownFileType = sourcecode.swift; path = AddMealView.swift; sourceTree = "<group>"; };
		64A0931727A07FCB0001B37B /* InsulinCalculatorViewTest.swift */ = {isa = PBXFileReference; lastKnownFileType = sourcecode.swift; path = InsulinCalculatorViewTest.swift; sourceTree = "<group>"; };
		64AB4CA12737BB2E008B0F2D /* Insulinka.app */ = {isa = PBXFileReference; explicitFileType = wrapper.application; includeInIndex = 0; path = Insulinka.app; sourceTree = BUILT_PRODUCTS_DIR; };
		64AB4CA42737BB2E008B0F2D /* InsulinkaApp.swift */ = {isa = PBXFileReference; lastKnownFileType = sourcecode.swift; path = InsulinkaApp.swift; sourceTree = "<group>"; };
		64AB4CA82737BB31008B0F2D /* Assets.xcassets */ = {isa = PBXFileReference; lastKnownFileType = folder.assetcatalog; path = Assets.xcassets; sourceTree = "<group>"; };
		64AB4CAB2737BB31008B0F2D /* Preview Assets.xcassets */ = {isa = PBXFileReference; lastKnownFileType = folder.assetcatalog; path = "Preview Assets.xcassets"; sourceTree = "<group>"; };
		64AB4CB02737BB31008B0F2D /* Insulinka.xcdatamodel */ = {isa = PBXFileReference; lastKnownFileType = wrapper.xcdatamodel; path = Insulinka.xcdatamodel; sourceTree = "<group>"; };
		64AB4CB62737BB31008B0F2D /* InsulinkaTests.xctest */ = {isa = PBXFileReference; explicitFileType = wrapper.cfbundle; includeInIndex = 0; path = InsulinkaTests.xctest; sourceTree = BUILT_PRODUCTS_DIR; };
		64AB4CBA2737BB31008B0F2D /* SettingsModelTests.swift */ = {isa = PBXFileReference; lastKnownFileType = sourcecode.swift; path = SettingsModelTests.swift; sourceTree = "<group>"; };
		64AB4CC02737BB31008B0F2D /* InsulinkaUITests.xctest */ = {isa = PBXFileReference; explicitFileType = wrapper.cfbundle; includeInIndex = 0; path = InsulinkaUITests.xctest; sourceTree = BUILT_PRODUCTS_DIR; };
		64AB4CC42737BB31008B0F2D /* GeneralUITests.swift */ = {isa = PBXFileReference; lastKnownFileType = sourcecode.swift; path = GeneralUITests.swift; sourceTree = "<group>"; };
		64AB4CC62737BB31008B0F2D /* InsulinkaUITestsLaunchTests.swift */ = {isa = PBXFileReference; lastKnownFileType = sourcecode.swift; path = InsulinkaUITestsLaunchTests.swift; sourceTree = "<group>"; };
		64AB4CD82737C297008B0F2D /* MainView.swift */ = {isa = PBXFileReference; lastKnownFileType = sourcecode.swift; path = MainView.swift; sourceTree = "<group>"; };
		64AB4CDC2737C2D2008B0F2D /* StartView.swift */ = {isa = PBXFileReference; lastKnownFileType = sourcecode.swift; path = StartView.swift; sourceTree = "<group>"; };
		64B12AA62740F0CB00D80D1A /* InsulinCalculatorView.swift */ = {isa = PBXFileReference; lastKnownFileType = sourcecode.swift; path = InsulinCalculatorView.swift; sourceTree = "<group>"; };
		64B12AA92740F12800D80D1A /* NumberInput.swift */ = {isa = PBXFileReference; lastKnownFileType = sourcecode.swift; path = NumberInput.swift; sourceTree = "<group>"; };
		64B12AAC2740F18700D80D1A /* InsulinCalculatorModel.swift */ = {isa = PBXFileReference; lastKnownFileType = sourcecode.swift; path = InsulinCalculatorModel.swift; sourceTree = "<group>"; };
		64B12AAE2740F1CE00D80D1A /* SettingsModel.swift */ = {isa = PBXFileReference; lastKnownFileType = sourcecode.swift; path = SettingsModel.swift; sourceTree = "<group>"; };
		64B12AB12740F48600D80D1A /* preciseRound.swift */ = {isa = PBXFileReference; lastKnownFileType = sourcecode.swift; path = preciseRound.swift; sourceTree = "<group>"; };
		64C21980277E3B38007F0759 /* InsulinCalculator.swift */ = {isa = PBXFileReference; lastKnownFileType = sourcecode.swift; path = InsulinCalculator.swift; sourceTree = "<group>"; };
		64C21982277E824C007F0759 /* EditMealView.swift */ = {isa = PBXFileReference; lastKnownFileType = sourcecode.swift; path = EditMealView.swift; sourceTree = "<group>"; };
		64C21984277EAAE1007F0759 /* MealModel.swift */ = {isa = PBXFileReference; lastKnownFileType = sourcecode.swift; path = MealModel.swift; sourceTree = "<group>"; };
		64DB7DAE279C695400F29A3C /* conditionalViewModifier.swift */ = {isa = PBXFileReference; lastKnownFileType = sourcecode.swift; path = conditionalViewModifier.swift; sourceTree = "<group>"; };
		64DB7DB0279C728E00F29A3C /* Info.plist */ = {isa = PBXFileReference; lastKnownFileType = text.plist; path = Info.plist; sourceTree = "<group>"; };
		64F245A52764A6EC00F3DDA4 /* hideKeyboard.swift */ = {isa = PBXFileReference; lastKnownFileType = sourcecode.swift; path = hideKeyboard.swift; sourceTree = "<group>"; };
		64F245A92764B42900F3DDA4 /* ErrorTypes.swift */ = {isa = PBXFileReference; lastKnownFileType = sourcecode.swift; path = ErrorTypes.swift; sourceTree = "<group>"; };
		64F245AB2764BC7000F3DDA4 /* ErrorBoundary.swift */ = {isa = PBXFileReference; lastKnownFileType = sourcecode.swift; path = ErrorBoundary.swift; sourceTree = "<group>"; };
/* End PBXFileReference section */

/* Begin PBXFrameworksBuildPhase section */
		64AB4C9E2737BB2E008B0F2D /* Frameworks */ = {
			isa = PBXFrameworksBuildPhase;
			buildActionMask = 2147483647;
			files = (
			);
			runOnlyForDeploymentPostprocessing = 0;
		};
		64AB4CB32737BB31008B0F2D /* Frameworks */ = {
			isa = PBXFrameworksBuildPhase;
			buildActionMask = 2147483647;
			files = (
			);
			runOnlyForDeploymentPostprocessing = 0;
		};
		64AB4CBD2737BB31008B0F2D /* Frameworks */ = {
			isa = PBXFrameworksBuildPhase;
			buildActionMask = 2147483647;
			files = (
			);
			runOnlyForDeploymentPostprocessing = 0;
		};
/* End PBXFrameworksBuildPhase section */

/* Begin PBXGroup section */
		64AB4C982737BB2E008B0F2D = {
			isa = PBXGroup;
			children = (
				64AB4CA32737BB2E008B0F2D /* Insulinka */,
				64AB4CB92737BB31008B0F2D /* InsulinkaTests */,
				64AB4CC32737BB31008B0F2D /* InsulinkaUITests */,
				64AB4CA22737BB2E008B0F2D /* Products */,
			);
			sourceTree = "<group>";
		};
		64AB4CA22737BB2E008B0F2D /* Products */ = {
			isa = PBXGroup;
			children = (
				64AB4CA12737BB2E008B0F2D /* Insulinka.app */,
				64AB4CB62737BB31008B0F2D /* InsulinkaTests.xctest */,
				64AB4CC02737BB31008B0F2D /* InsulinkaUITests.xctest */,
			);
			name = Products;
			sourceTree = "<group>";
		};
		64AB4CA32737BB2E008B0F2D /* Insulinka */ = {
			isa = PBXGroup;
			children = (
				64DB7DB0279C728E00F29A3C /* Info.plist */,
				64AB4CA82737BB31008B0F2D /* Assets.xcassets */,
				64B12AA82740F10400D80D1A /* Atoms */,
				6428725527614128005BC5A5 /* DataController.swift */,
				64F245A82764B41000F3DDA4 /* ErrorBoundary */,
				64F245A72764A77A00F3DDA4 /* Extensions */,
				64B12AB02740F46900D80D1A /* Helpers */,
				64AB4CAF2737BB31008B0F2D /* Insulinka.xcdatamodeld */,
				64AB4CA42737BB2E008B0F2D /* InsulinkaApp.swift */,
				64AB4CD82737C297008B0F2D /* MainView.swift */,
				64B12AAB2740F16300D80D1A /* Models */,
				64C2197F277E3AFF007F0759 /* Molecules */,
				64AB4CAA2737BB31008B0F2D /* Preview Content */,
				64AB4CD32737C1D1008B0F2D /* Views */,
			);
			path = Insulinka;
			sourceTree = "<group>";
		};
		64AB4CAA2737BB31008B0F2D /* Preview Content */ = {
			isa = PBXGroup;
			children = (
				64AB4CAB2737BB31008B0F2D /* Preview Assets.xcassets */,
			);
			path = "Preview Content";
			sourceTree = "<group>";
		};
		64AB4CB92737BB31008B0F2D /* InsulinkaTests */ = {
			isa = PBXGroup;
			children = (
				648DB1BC279421B000A0B6AF /* InsulinCalculatorModelTests.swift */,
				64AB4CBA2737BB31008B0F2D /* SettingsModelTests.swift */,
			);
			path = InsulinkaTests;
			sourceTree = "<group>";
		};
		64AB4CC32737BB31008B0F2D /* InsulinkaUITests */ = {
			isa = PBXGroup;
			children = (
				64A0931727A07FCB0001B37B /* InsulinCalculatorViewTest.swift */,
				64AB4CC42737BB31008B0F2D /* GeneralUITests.swift */,
				64AB4CC62737BB31008B0F2D /* InsulinkaUITestsLaunchTests.swift */,
			);
			path = InsulinkaUITests;
			sourceTree = "<group>";
		};
		64AB4CD32737C1D1008B0F2D /* Views */ = {
			isa = PBXGroup;
			children = (
				64AB4CDC2737C2D2008B0F2D /* StartView.swift */,
				64B12AA62740F0CB00D80D1A /* InsulinCalculatorView.swift */,
				646BB7A12753616100B8D888 /* SettingsView.swift */,
				64287246275A902F005BC5A5 /* MealsView.swift */,
				649588EE2774DFC5003854E1 /* MealView.swift */,
				649588FA277E377E003854E1 /* AddMealView.swift */,
				64C21982277E824C007F0759 /* EditMealView.swift */,
			);
			path = Views;
			sourceTree = "<group>";
		};
		64B12AA82740F10400D80D1A /* Atoms */ = {
			isa = PBXGroup;
			children = (
				64B12AA92740F12800D80D1A /* NumberInput.swift */,
				64287248275A9E97005BC5A5 /* TextInput.swift */,
				6428724A275AB489005BC5A5 /* NameInput.swift */,
				649588F0277C965B003854E1 /* SectionItem.swift */,
				649588F6277E1F92003854E1 /* TextPrompt.swift */,
			);
			path = Atoms;
			sourceTree = "<group>";
		};
		64B12AAB2740F16300D80D1A /* Models */ = {
			isa = PBXGroup;
			children = (
				64B12AAC2740F18700D80D1A /* InsulinCalculatorModel.swift */,
				64B12AAE2740F1CE00D80D1A /* SettingsModel.swift */,
				64C21984277EAAE1007F0759 /* MealModel.swift */,
			);
			path = Models;
			sourceTree = "<group>";
		};
		64B12AB02740F46900D80D1A /* Helpers */ = {
			isa = PBXGroup;
			children = (
				64B12AB12740F48600D80D1A /* preciseRound.swift */,
			);
			path = Helpers;
			sourceTree = "<group>";
		};
		64C2197F277E3AFF007F0759 /* Molecules */ = {
			isa = PBXGroup;
			children = (
				64C21980277E3B38007F0759 /* InsulinCalculator.swift */,
			);
			path = Molecules;
			sourceTree = "<group>";
		};
		64F245A72764A77A00F3DDA4 /* Extensions */ = {
			isa = PBXGroup;
			children = (
				64F245A52764A6EC00F3DDA4 /* hideKeyboard.swift */,
				64DB7DAE279C695400F29A3C /* conditionalViewModifier.swift */,
			);
			path = Extensions;
			sourceTree = "<group>";
		};
		64F245A82764B41000F3DDA4 /* ErrorBoundary */ = {
			isa = PBXGroup;
			children = (
				64F245A92764B42900F3DDA4 /* ErrorTypes.swift */,
				64F245AB2764BC7000F3DDA4 /* ErrorBoundary.swift */,
			);
			path = ErrorBoundary;
			sourceTree = "<group>";
		};
/* End PBXGroup section */

/* Begin PBXNativeTarget section */
		64AB4CA02737BB2E008B0F2D /* Insulinka */ = {
			isa = PBXNativeTarget;
			buildConfigurationList = 64AB4CCA2737BB31008B0F2D /* Build configuration list for PBXNativeTarget "Insulinka" */;
			buildPhases = (
				64AB4C9D2737BB2E008B0F2D /* Sources */,
				64AB4C9E2737BB2E008B0F2D /* Frameworks */,
				64AB4C9F2737BB2E008B0F2D /* Resources */,
			);
			buildRules = (
			);
			dependencies = (
			);
			name = Insulinka;
			productName = Insulinka;
			productReference = 64AB4CA12737BB2E008B0F2D /* Insulinka.app */;
			productType = "com.apple.product-type.application";
		};
		64AB4CB52737BB31008B0F2D /* InsulinkaTests */ = {
			isa = PBXNativeTarget;
			buildConfigurationList = 64AB4CCD2737BB31008B0F2D /* Build configuration list for PBXNativeTarget "InsulinkaTests" */;
			buildPhases = (
				64AB4CB22737BB31008B0F2D /* Sources */,
				64AB4CB32737BB31008B0F2D /* Frameworks */,
				64AB4CB42737BB31008B0F2D /* Resources */,
			);
			buildRules = (
			);
			dependencies = (
				64AB4CB82737BB31008B0F2D /* PBXTargetDependency */,
			);
			name = InsulinkaTests;
			productName = InsulinkaTests;
			productReference = 64AB4CB62737BB31008B0F2D /* InsulinkaTests.xctest */;
			productType = "com.apple.product-type.bundle.unit-test";
		};
		64AB4CBF2737BB31008B0F2D /* InsulinkaUITests */ = {
			isa = PBXNativeTarget;
			buildConfigurationList = 64AB4CD02737BB31008B0F2D /* Build configuration list for PBXNativeTarget "InsulinkaUITests" */;
			buildPhases = (
				64AB4CBC2737BB31008B0F2D /* Sources */,
				64AB4CBD2737BB31008B0F2D /* Frameworks */,
				64AB4CBE2737BB31008B0F2D /* Resources */,
			);
			buildRules = (
			);
			dependencies = (
				64AB4CC22737BB31008B0F2D /* PBXTargetDependency */,
			);
			name = InsulinkaUITests;
			productName = InsulinkaUITests;
			productReference = 64AB4CC02737BB31008B0F2D /* InsulinkaUITests.xctest */;
			productType = "com.apple.product-type.bundle.ui-testing";
		};
/* End PBXNativeTarget section */

/* Begin PBXProject section */
		64AB4C992737BB2E008B0F2D /* Project object */ = {
			isa = PBXProject;
			attributes = {
				BuildIndependentTargetsInParallel = 1;
				LastSwiftUpdateCheck = 1310;
				LastUpgradeCheck = 1310;
				TargetAttributes = {
					64AB4CA02737BB2E008B0F2D = {
						CreatedOnToolsVersion = 13.1;
					};
					64AB4CB52737BB31008B0F2D = {
						CreatedOnToolsVersion = 13.1;
						TestTargetID = 64AB4CA02737BB2E008B0F2D;
					};
					64AB4CBF2737BB31008B0F2D = {
						CreatedOnToolsVersion = 13.1;
						TestTargetID = 64AB4CA02737BB2E008B0F2D;
					};
				};
			};
			buildConfigurationList = 64AB4C9C2737BB2E008B0F2D /* Build configuration list for PBXProject "Insulinka" */;
			compatibilityVersion = "Xcode 13.0";
			developmentRegion = en;
			hasScannedForEncodings = 0;
			knownRegions = (
				en,
				Base,
			);
			mainGroup = 64AB4C982737BB2E008B0F2D;
			productRefGroup = 64AB4CA22737BB2E008B0F2D /* Products */;
			projectDirPath = "";
			projectRoot = "";
			targets = (
				64AB4CA02737BB2E008B0F2D /* Insulinka */,
				64AB4CB52737BB31008B0F2D /* InsulinkaTests */,
				64AB4CBF2737BB31008B0F2D /* InsulinkaUITests */,
			);
		};
/* End PBXProject section */

/* Begin PBXResourcesBuildPhase section */
		64AB4C9F2737BB2E008B0F2D /* Resources */ = {
			isa = PBXResourcesBuildPhase;
			buildActionMask = 2147483647;
			files = (
				64AB4CAC2737BB31008B0F2D /* Preview Assets.xcassets in Resources */,
				64AB4CA92737BB31008B0F2D /* Assets.xcassets in Resources */,
			);
			runOnlyForDeploymentPostprocessing = 0;
		};
		64AB4CB42737BB31008B0F2D /* Resources */ = {
			isa = PBXResourcesBuildPhase;
			buildActionMask = 2147483647;
			files = (
			);
			runOnlyForDeploymentPostprocessing = 0;
		};
		64AB4CBE2737BB31008B0F2D /* Resources */ = {
			isa = PBXResourcesBuildPhase;
			buildActionMask = 2147483647;
			files = (
			);
			runOnlyForDeploymentPostprocessing = 0;
		};
/* End PBXResourcesBuildPhase section */

/* Begin PBXSourcesBuildPhase section */
		64AB4C9D2737BB2E008B0F2D /* Sources */ = {
			isa = PBXSourcesBuildPhase;
			buildActionMask = 2147483647;
			files = (
				64287247275A902F005BC5A5 /* MealsView.swift in Sources */,
				64B12AB22740F48600D80D1A /* preciseRound.swift in Sources */,
				64AB4CD92737C297008B0F2D /* MainView.swift in Sources */,
				649588FB277E377E003854E1 /* AddMealView.swift in Sources */,
				64C21983277E824C007F0759 /* EditMealView.swift in Sources */,
				64B12AAF2740F1CE00D80D1A /* SettingsModel.swift in Sources */,
				64B12AAD2740F18700D80D1A /* InsulinCalculatorModel.swift in Sources */,
				649588EF2774DFC5003854E1 /* MealView.swift in Sources */,
				64AB4CB12737BB31008B0F2D /* Insulinka.xcdatamodeld in Sources */,
				64F245AC2764BC7000F3DDA4 /* ErrorBoundary.swift in Sources */,
				64C21985277EAAE1007F0759 /* MealModel.swift in Sources */,
				64B12AA72740F0CB00D80D1A /* InsulinCalculatorView.swift in Sources */,
				6428725627614128005BC5A5 /* DataController.swift in Sources */,
				6428724B275AB489005BC5A5 /* NameInput.swift in Sources */,
				64AB4CA52737BB2E008B0F2D /* InsulinkaApp.swift in Sources */,
				64F245AA2764B42900F3DDA4 /* ErrorTypes.swift in Sources */,
				64F245A62764A6ED00F3DDA4 /* hideKeyboard.swift in Sources */,
				64B12AAA2740F12800D80D1A /* NumberInput.swift in Sources */,
				64AB4CDD2737C2D2008B0F2D /* StartView.swift in Sources */,
				646BB7A22753616100B8D888 /* SettingsView.swift in Sources */,
				64C21981277E3B38007F0759 /* InsulinCalculator.swift in Sources */,
				64DB7DAF279C695400F29A3C /* conditionalViewModifier.swift in Sources */,
				649588F1277C965B003854E1 /* SectionItem.swift in Sources */,
				649588F7277E1F92003854E1 /* TextPrompt.swift in Sources */,
				64287249275A9E97005BC5A5 /* TextInput.swift in Sources */,
			);
			runOnlyForDeploymentPostprocessing = 0;
		};
		64AB4CB22737BB31008B0F2D /* Sources */ = {
			isa = PBXSourcesBuildPhase;
			buildActionMask = 2147483647;
			files = (
				648DB1BD279421B000A0B6AF /* InsulinCalculatorModelTests.swift in Sources */,
				64AB4CE02737E302008B0F2D /* SettingsModelTests.swift in Sources */,
			);
			runOnlyForDeploymentPostprocessing = 0;
		};
		64AB4CBC2737BB31008B0F2D /* Sources */ = {
			isa = PBXSourcesBuildPhase;
			buildActionMask = 2147483647;
			files = (
				64AB4CE12737E320008B0F2D /* GeneralUITests.swift in Sources */,
				64A0931827A07FCC0001B37B /* InsulinCalculatorViewTest.swift in Sources */,
				64AB4CE22737E323008B0F2D /* InsulinkaUITestsLaunchTests.swift in Sources */,
			);
			runOnlyForDeploymentPostprocessing = 0;
		};
/* End PBXSourcesBuildPhase section */

/* Begin PBXTargetDependency section */
		64AB4CB82737BB31008B0F2D /* PBXTargetDependency */ = {
			isa = PBXTargetDependency;
			target = 64AB4CA02737BB2E008B0F2D /* Insulinka */;
			targetProxy = 64AB4CB72737BB31008B0F2D /* PBXContainerItemProxy */;
		};
		64AB4CC22737BB31008B0F2D /* PBXTargetDependency */ = {
			isa = PBXTargetDependency;
			target = 64AB4CA02737BB2E008B0F2D /* Insulinka */;
			targetProxy = 64AB4CC12737BB31008B0F2D /* PBXContainerItemProxy */;
		};
/* End PBXTargetDependency section */

/* Begin XCBuildConfiguration section */
		64AB4CC82737BB31008B0F2D /* Debug */ = {
			isa = XCBuildConfiguration;
			buildSettings = {
				ALWAYS_SEARCH_USER_PATHS = NO;
				CLANG_ANALYZER_NONNULL = YES;
				CLANG_ANALYZER_NUMBER_OBJECT_CONVERSION = YES_AGGRESSIVE;
				CLANG_CXX_LANGUAGE_STANDARD = "gnu++17";
				CLANG_CXX_LIBRARY = "libc++";
				CLANG_ENABLE_MODULES = YES;
				CLANG_ENABLE_OBJC_ARC = YES;
				CLANG_ENABLE_OBJC_WEAK = YES;
				CLANG_WARN_BLOCK_CAPTURE_AUTORELEASING = YES;
				CLANG_WARN_BOOL_CONVERSION = YES;
				CLANG_WARN_COMMA = YES;
				CLANG_WARN_CONSTANT_CONVERSION = YES;
				CLANG_WARN_DEPRECATED_OBJC_IMPLEMENTATIONS = YES;
				CLANG_WARN_DIRECT_OBJC_ISA_USAGE = YES_ERROR;
				CLANG_WARN_DOCUMENTATION_COMMENTS = YES;
				CLANG_WARN_EMPTY_BODY = YES;
				CLANG_WARN_ENUM_CONVERSION = YES;
				CLANG_WARN_INFINITE_RECURSION = YES;
				CLANG_WARN_INT_CONVERSION = YES;
				CLANG_WARN_NON_LITERAL_NULL_CONVERSION = YES;
				CLANG_WARN_OBJC_IMPLICIT_RETAIN_SELF = YES;
				CLANG_WARN_OBJC_LITERAL_CONVERSION = YES;
				CLANG_WARN_OBJC_ROOT_CLASS = YES_ERROR;
				CLANG_WARN_QUOTED_INCLUDE_IN_FRAMEWORK_HEADER = YES;
				CLANG_WARN_RANGE_LOOP_ANALYSIS = YES;
				CLANG_WARN_STRICT_PROTOTYPES = YES;
				CLANG_WARN_SUSPICIOUS_MOVE = YES;
				CLANG_WARN_UNGUARDED_AVAILABILITY = YES_AGGRESSIVE;
				CLANG_WARN_UNREACHABLE_CODE = YES;
				CLANG_WARN__DUPLICATE_METHOD_MATCH = YES;
				COPY_PHASE_STRIP = NO;
				DEBUG_INFORMATION_FORMAT = dwarf;
				ENABLE_STRICT_OBJC_MSGSEND = YES;
				ENABLE_TESTABILITY = YES;
				GCC_C_LANGUAGE_STANDARD = gnu11;
				GCC_DYNAMIC_NO_PIC = NO;
				GCC_NO_COMMON_BLOCKS = YES;
				GCC_OPTIMIZATION_LEVEL = 0;
				GCC_PREPROCESSOR_DEFINITIONS = (
					"DEBUG=1",
					"$(inherited)",
				);
				GCC_WARN_64_TO_32_BIT_CONVERSION = YES;
				GCC_WARN_ABOUT_RETURN_TYPE = YES_ERROR;
				GCC_WARN_UNDECLARED_SELECTOR = YES;
				GCC_WARN_UNINITIALIZED_AUTOS = YES_AGGRESSIVE;
				GCC_WARN_UNUSED_FUNCTION = YES;
				GCC_WARN_UNUSED_VARIABLE = YES;
				IPHONEOS_DEPLOYMENT_TARGET = 15.0;
				MTL_ENABLE_DEBUG_INFO = INCLUDE_SOURCE;
				MTL_FAST_MATH = YES;
				ONLY_ACTIVE_ARCH = YES;
				SDKROOT = iphoneos;
				SWIFT_ACTIVE_COMPILATION_CONDITIONS = DEBUG;
				SWIFT_OPTIMIZATION_LEVEL = "-Onone";
			};
			name = Debug;
		};
		64AB4CC92737BB31008B0F2D /* Release */ = {
			isa = XCBuildConfiguration;
			buildSettings = {
				ALWAYS_SEARCH_USER_PATHS = NO;
				CLANG_ANALYZER_NONNULL = YES;
				CLANG_ANALYZER_NUMBER_OBJECT_CONVERSION = YES_AGGRESSIVE;
				CLANG_CXX_LANGUAGE_STANDARD = "gnu++17";
				CLANG_CXX_LIBRARY = "libc++";
				CLANG_ENABLE_MODULES = YES;
				CLANG_ENABLE_OBJC_ARC = YES;
				CLANG_ENABLE_OBJC_WEAK = YES;
				CLANG_WARN_BLOCK_CAPTURE_AUTORELEASING = YES;
				CLANG_WARN_BOOL_CONVERSION = YES;
				CLANG_WARN_COMMA = YES;
				CLANG_WARN_CONSTANT_CONVERSION = YES;
				CLANG_WARN_DEPRECATED_OBJC_IMPLEMENTATIONS = YES;
				CLANG_WARN_DIRECT_OBJC_ISA_USAGE = YES_ERROR;
				CLANG_WARN_DOCUMENTATION_COMMENTS = YES;
				CLANG_WARN_EMPTY_BODY = YES;
				CLANG_WARN_ENUM_CONVERSION = YES;
				CLANG_WARN_INFINITE_RECURSION = YES;
				CLANG_WARN_INT_CONVERSION = YES;
				CLANG_WARN_NON_LITERAL_NULL_CONVERSION = YES;
				CLANG_WARN_OBJC_IMPLICIT_RETAIN_SELF = YES;
				CLANG_WARN_OBJC_LITERAL_CONVERSION = YES;
				CLANG_WARN_OBJC_ROOT_CLASS = YES_ERROR;
				CLANG_WARN_QUOTED_INCLUDE_IN_FRAMEWORK_HEADER = YES;
				CLANG_WARN_RANGE_LOOP_ANALYSIS = YES;
				CLANG_WARN_STRICT_PROTOTYPES = YES;
				CLANG_WARN_SUSPICIOUS_MOVE = YES;
				CLANG_WARN_UNGUARDED_AVAILABILITY = YES_AGGRESSIVE;
				CLANG_WARN_UNREACHABLE_CODE = YES;
				CLANG_WARN__DUPLICATE_METHOD_MATCH = YES;
				COPY_PHASE_STRIP = NO;
				DEBUG_INFORMATION_FORMAT = "dwarf-with-dsym";
				ENABLE_NS_ASSERTIONS = NO;
				ENABLE_STRICT_OBJC_MSGSEND = YES;
				GCC_C_LANGUAGE_STANDARD = gnu11;
				GCC_NO_COMMON_BLOCKS = YES;
				GCC_WARN_64_TO_32_BIT_CONVERSION = YES;
				GCC_WARN_ABOUT_RETURN_TYPE = YES_ERROR;
				GCC_WARN_UNDECLARED_SELECTOR = YES;
				GCC_WARN_UNINITIALIZED_AUTOS = YES_AGGRESSIVE;
				GCC_WARN_UNUSED_FUNCTION = YES;
				GCC_WARN_UNUSED_VARIABLE = YES;
				IPHONEOS_DEPLOYMENT_TARGET = 15.0;
				MTL_ENABLE_DEBUG_INFO = NO;
				MTL_FAST_MATH = YES;
				SDKROOT = iphoneos;
				SWIFT_COMPILATION_MODE = wholemodule;
				SWIFT_OPTIMIZATION_LEVEL = "-O";
				VALIDATE_PRODUCT = YES;
			};
			name = Release;
		};
		64AB4CCB2737BB31008B0F2D /* Debug */ = {
			isa = XCBuildConfiguration;
			buildSettings = {
				ASSETCATALOG_COMPILER_APPICON_NAME = AppIcon;
				ASSETCATALOG_COMPILER_GLOBAL_ACCENT_COLOR_NAME = AccentColor;
				ASSETCATALOG_COMPILER_INCLUDE_ALL_APPICON_ASSETS = YES;
				CODE_SIGN_STYLE = Automatic;
				CURRENT_PROJECT_VERSION = 1;
				DEVELOPMENT_ASSET_PATHS = "\"Insulinka/Preview Content\"";
				DEVELOPMENT_TEAM = 9ZP3M85HRR;
				ENABLE_PREVIEWS = YES;
				GENERATE_INFOPLIST_FILE = YES;
				INFOPLIST_FILE = Insulinka/Info.plist;
				INFOPLIST_KEY_CFBundleDisplayName = Insulinka;
				INFOPLIST_KEY_UIApplicationSceneManifest_Generation = YES;
				INFOPLIST_KEY_UIApplicationSupportsIndirectInputEvents = YES;
				INFOPLIST_KEY_UILaunchScreen_Generation = YES;
				INFOPLIST_KEY_UISupportedInterfaceOrientations = UIInterfaceOrientationPortrait;
				INFOPLIST_KEY_UISupportedInterfaceOrientations_iPad = "UIInterfaceOrientationPortrait UIInterfaceOrientationPortraitUpsideDown UIInterfaceOrientationLandscapeLeft UIInterfaceOrientationLandscapeRight";
				INFOPLIST_KEY_UISupportedInterfaceOrientations_iPhone = "UIInterfaceOrientationPortrait UIInterfaceOrientationLandscapeLeft UIInterfaceOrientationLandscapeRight";
				LD_RUNPATH_SEARCH_PATHS = (
					"$(inherited)",
					"@executable_path/Frameworks",
				);
				MARKETING_VERSION = 1.0;
				PRODUCT_BUNDLE_IDENTIFIER = WT.Insulinka;
				PRODUCT_NAME = "$(TARGET_NAME)";
				SWIFT_EMIT_LOC_STRINGS = YES;
				SWIFT_VERSION = 5.0;
				TARGETED_DEVICE_FAMILY = 1;
			};
			name = Debug;
		};
		64AB4CCC2737BB31008B0F2D /* Release */ = {
			isa = XCBuildConfiguration;
			buildSettings = {
				ASSETCATALOG_COMPILER_APPICON_NAME = AppIcon;
				ASSETCATALOG_COMPILER_GLOBAL_ACCENT_COLOR_NAME = AccentColor;
				ASSETCATALOG_COMPILER_INCLUDE_ALL_APPICON_ASSETS = YES;
				CODE_SIGN_STYLE = Automatic;
				CURRENT_PROJECT_VERSION = 1;
				DEVELOPMENT_ASSET_PATHS = "\"Insulinka/Preview Content\"";
				DEVELOPMENT_TEAM = 9ZP3M85HRR;
				ENABLE_PREVIEWS = YES;
				GENERATE_INFOPLIST_FILE = YES;
				INFOPLIST_FILE = Insulinka/Info.plist;
				INFOPLIST_KEY_CFBundleDisplayName = Insulinka;
				INFOPLIST_KEY_UIApplicationSceneManifest_Generation = YES;
				INFOPLIST_KEY_UIApplicationSupportsIndirectInputEvents = YES;
				INFOPLIST_KEY_UILaunchScreen_Generation = YES;
				INFOPLIST_KEY_UISupportedInterfaceOrientations = UIInterfaceOrientationPortrait;
				INFOPLIST_KEY_UISupportedInterfaceOrientations_iPad = "UIInterfaceOrientationPortrait UIInterfaceOrientationPortraitUpsideDown UIInterfaceOrientationLandscapeLeft UIInterfaceOrientationLandscapeRight";
				INFOPLIST_KEY_UISupportedInterfaceOrientations_iPhone = "UIInterfaceOrientationPortrait UIInterfaceOrientationLandscapeLeft UIInterfaceOrientationLandscapeRight";
				LD_RUNPATH_SEARCH_PATHS = (
					"$(inherited)",
					"@executable_path/Frameworks",
				);
				MARKETING_VERSION = 1.0;
				PRODUCT_BUNDLE_IDENTIFIER = WT.Insulinka;
				PRODUCT_NAME = "$(TARGET_NAME)";
				SWIFT_EMIT_LOC_STRINGS = YES;
				SWIFT_VERSION = 5.0;
				TARGETED_DEVICE_FAMILY = 1;
			};
			name = Release;
		};
		64AB4CCE2737BB31008B0F2D /* Debug */ = {
			isa = XCBuildConfiguration;
			buildSettings = {
				ALWAYS_EMBED_SWIFT_STANDARD_LIBRARIES = YES;
				BUNDLE_LOADER = "$(TEST_HOST)";
				CODE_SIGN_STYLE = Automatic;
				CURRENT_PROJECT_VERSION = 1;
				DEVELOPMENT_TEAM = 9ZP3M85HRR;
				GENERATE_INFOPLIST_FILE = YES;
				IPHONEOS_DEPLOYMENT_TARGET = 15.0;
				LD_RUNPATH_SEARCH_PATHS = (
					"$(inherited)",
					"@executable_path/Frameworks",
					"@loader_path/Frameworks",
				);
				MARKETING_VERSION = 1.0;
				PRODUCT_BUNDLE_IDENTIFIER = WT.InsulinkaTests;
				PRODUCT_NAME = "$(TARGET_NAME)";
				SWIFT_EMIT_LOC_STRINGS = NO;
				SWIFT_VERSION = 5.0;
				TARGETED_DEVICE_FAMILY = "1,2";
				TEST_HOST = "$(BUILT_PRODUCTS_DIR)/Insulinka.app/Insulinka";
			};
			name = Debug;
		};
		64AB4CCF2737BB31008B0F2D /* Release */ = {
			isa = XCBuildConfiguration;
			buildSettings = {
				ALWAYS_EMBED_SWIFT_STANDARD_LIBRARIES = YES;
				BUNDLE_LOADER = "$(TEST_HOST)";
				CODE_SIGN_STYLE = Automatic;
				CURRENT_PROJECT_VERSION = 1;
				DEVELOPMENT_TEAM = 9ZP3M85HRR;
				GENERATE_INFOPLIST_FILE = YES;
				IPHONEOS_DEPLOYMENT_TARGET = 15.0;
				LD_RUNPATH_SEARCH_PATHS = (
					"$(inherited)",
					"@executable_path/Frameworks",
					"@loader_path/Frameworks",
				);
				MARKETING_VERSION = 1.0;
				PRODUCT_BUNDLE_IDENTIFIER = WT.InsulinkaTests;
				PRODUCT_NAME = "$(TARGET_NAME)";
				SWIFT_EMIT_LOC_STRINGS = NO;
				SWIFT_VERSION = 5.0;
				TARGETED_DEVICE_FAMILY = "1,2";
				TEST_HOST = "$(BUILT_PRODUCTS_DIR)/Insulinka.app/Insulinka";
			};
			name = Release;
		};
		64AB4CD12737BB31008B0F2D /* Debug */ = {
			isa = XCBuildConfiguration;
			buildSettings = {
				ALWAYS_EMBED_SWIFT_STANDARD_LIBRARIES = YES;
				CODE_SIGN_STYLE = Automatic;
				CURRENT_PROJECT_VERSION = 1;
				DEVELOPMENT_TEAM = 9ZP3M85HRR;
				GENERATE_INFOPLIST_FILE = YES;
				LD_RUNPATH_SEARCH_PATHS = (
					"$(inherited)",
					"@executable_path/Frameworks",
					"@loader_path/Frameworks",
				);
				MARKETING_VERSION = 1.0;
				PRODUCT_BUNDLE_IDENTIFIER = WT.InsulinkaUITests;
				PRODUCT_NAME = "$(TARGET_NAME)";
				SWIFT_EMIT_LOC_STRINGS = NO;
				SWIFT_VERSION = 5.0;
				TARGETED_DEVICE_FAMILY = "1,2";
				TEST_TARGET_NAME = Insulinka;
			};
			name = Debug;
		};
		64AB4CD22737BB31008B0F2D /* Release */ = {
			isa = XCBuildConfiguration;
			buildSettings = {
				ALWAYS_EMBED_SWIFT_STANDARD_LIBRARIES = YES;
				CODE_SIGN_STYLE = Automatic;
				CURRENT_PROJECT_VERSION = 1;
				DEVELOPMENT_TEAM = 9ZP3M85HRR;
				GENERATE_INFOPLIST_FILE = YES;
				LD_RUNPATH_SEARCH_PATHS = (
					"$(inherited)",
					"@executable_path/Frameworks",
					"@loader_path/Frameworks",
				);
				MARKETING_VERSION = 1.0;
				PRODUCT_BUNDLE_IDENTIFIER = WT.InsulinkaUITests;
				PRODUCT_NAME = "$(TARGET_NAME)";
				SWIFT_EMIT_LOC_STRINGS = NO;
				SWIFT_VERSION = 5.0;
				TARGETED_DEVICE_FAMILY = "1,2";
				TEST_TARGET_NAME = Insulinka;
			};
			name = Release;
		};
/* End XCBuildConfiguration section */

/* Begin XCConfigurationList section */
		64AB4C9C2737BB2E008B0F2D /* Build configuration list for PBXProject "Insulinka" */ = {
			isa = XCConfigurationList;
			buildConfigurations = (
				64AB4CC82737BB31008B0F2D /* Debug */,
				64AB4CC92737BB31008B0F2D /* Release */,
			);
			defaultConfigurationIsVisible = 0;
			defaultConfigurationName = Release;
		};
		64AB4CCA2737BB31008B0F2D /* Build configuration list for PBXNativeTarget "Insulinka" */ = {
			isa = XCConfigurationList;
			buildConfigurations = (
				64AB4CCB2737BB31008B0F2D /* Debug */,
				64AB4CCC2737BB31008B0F2D /* Release */,
			);
			defaultConfigurationIsVisible = 0;
			defaultConfigurationName = Release;
		};
		64AB4CCD2737BB31008B0F2D /* Build configuration list for PBXNativeTarget "InsulinkaTests" */ = {
			isa = XCConfigurationList;
			buildConfigurations = (
				64AB4CCE2737BB31008B0F2D /* Debug */,
				64AB4CCF2737BB31008B0F2D /* Release */,
			);
			defaultConfigurationIsVisible = 0;
			defaultConfigurationName = Release;
		};
		64AB4CD02737BB31008B0F2D /* Build configuration list for PBXNativeTarget "InsulinkaUITests" */ = {
			isa = XCConfigurationList;
			buildConfigurations = (
				64AB4CD12737BB31008B0F2D /* Debug */,
				64AB4CD22737BB31008B0F2D /* Release */,
			);
			defaultConfigurationIsVisible = 0;
			defaultConfigurationName = Release;
		};
/* End XCConfigurationList section */

/* Begin XCVersionGroup section */
		64AB4CAF2737BB31008B0F2D /* Insulinka.xcdatamodeld */ = {
			isa = XCVersionGroup;
			children = (
				64AB4CB02737BB31008B0F2D /* Insulinka.xcdatamodel */,
			);
			currentVersion = 64AB4CB02737BB31008B0F2D /* Insulinka.xcdatamodel */;
			path = Insulinka.xcdatamodeld;
			sourceTree = "<group>";
			versionGroupType = wrapper.xcdatamodel;
		};
/* End XCVersionGroup section */
	};
	rootObject = 64AB4C992737BB2E008B0F2D /* Project object */;
}
